
Microsoft Visual Studio Solution File, Format Version 12.00
# Visual Studio Version 17
VisualStudioVersion = 17.7.34221.43
MinimumVisualStudioVersion = 10.0.40219.1
Project("{FAE04EC0-301F-11D3-BF4B-00C04F79EFBC}") = "Mohmed", "Mohmed.csproj", "{745F8B2A-DDDA-4B4B-9E7C-00D14754F296}"
EndProject
Global
	GlobalSection(SolutionConfigurationPlatforms) = preSolution
		Debug|Any CPU = Debug|Any CPU
		Release|Any CPU = Release|Any CPU
	EndGlobalSection
	GlobalSection(ProjectConfigurationPlatforms) = postSolution
		{745F8B2A-DDDA-4B4B-9E7C-00D14754F296}.Debug|Any CPU.ActiveCfg = Debug|Any CPU
		{745F8B2A-DDDA-4B4B-9E7C-00D14754F296}.Debug|Any CPU.Build.0 = Debug|Any CPU
		{745F8B2A-DDDA-4B4B-9E7C-00D14754F296}.Release|Any CPU.ActiveCfg = Release|Any CPU
		{745F8B2A-DDDA-4B4B-9E7C-00D14754F296}.Release|Any CPU.Build.0 = Release|Any CPU
	EndGlobalSection
	GlobalSection(SolutionProperties) = preSolution
		HideSolutionNode = FALSE
	EndGlobalSection
	GlobalSection(ExtensibilityGlobals) = postSolution
		SolutionGuid = {CC7C48A6-7F3F-4C4C-B683-1C30520771C3}
	EndGlobalSection
EndGlobal
